# THIS IS AN AUTOGENERATED FILE. DO NOT EDIT THIS FILE DIRECTLY.
# yarn lockfile v1


"@simonwep/pickr@^1.9.1":
  version "1.9.1"
  resolved "https://registry.yarnpkg.com/@simonwep/pickr/-/pickr-1.9.1.tgz#10d86dab514b8888b2d6b90299a477f254067c43"
  integrity sha512-fR3qmfAcPf/HSFS7GEnTmZLM3+xERv1+jyMBbzT63ilRRM8veYjI7ELvkHHKk0/du3lHp7uh/FqatjM3646X1g==
  dependencies:
    core-js "3.37.0"
    nanopop "2.4.2"

core-js@3.37.0:
  version "3.37.0"
  resolved "https://registry.yarnpkg.com/core-js/-/core-js-3.37.0.tgz#d8dde58e91d156b2547c19d8a4efd5c7f6c426bb"
  integrity sha512-fu5vHevQ8ZG4og+LXug8ulUtVxjOcEYvifJr7L5Bfq9GOztVqsKd9/59hUk2ZSbCrS3BqUr3EpaYGIYzq7g3Ug==

jquery@^3.7.1:
  version "3.7.1"
  resolved "https://registry.npmjs.org/jquery/-/jquery-3.7.1.tgz"
  integrity sha512-m4avr8yL8kmFN8psrbFFFmB/If14iN5o9nw/NgnnM+kybDJpRsAynV2BsfpTYrTRysYUdADVD7CkUUizgkpLfg==

nanopop@2.4.2:
  version "2.4.2"
  resolved "https://registry.yarnpkg.com/nanopop/-/nanopop-2.4.2.tgz#b55482135be7e64f2d0f5aa8ef51a58104ac7b13"
  integrity sha512-NzOgmMQ+elxxHeIha+OG/Pv3Oc3p4RU2aBhwWwAqDpXrdTbtRylbRLQztLy8dMMwfl6pclznBdfUhccEn9ZIzw==
